# THIS IS AN AUTOGENERATED FILE. DO NOT EDIT THIS FILE DIRECTLY.
# yarn lockfile v1


"@porsche-design-system/components-js@1.0.0-alpha.2":
  version "1.0.0-alpha.2"
  resolved "https://porscheui.jfrog.io/porscheui/api/npm/npm/@porsche-design-system/components-js/-/@porsche-design-system/components-js-1.0.0-alpha.2.tgz#d6d786a24fdf01009b8ac7b4a9a46a508099c203"
  integrity sha1-1teGok/fAQCbise0qaRqUICZwgM=
  dependencies:
    throttle-debounce "^2.1.0"

throttle-debounce@^2.1.0:
  version "2.1.0"
  resolved "https://registry.yarnpkg.com/throttle-debounce/-/throttle-debounce-2.1.0.tgz#257e648f0a56bd9e54fe0f132c4ab8611df4e1d5"
  integrity sha512-AOvyNahXQuU7NN+VVvOOX+uW6FPaWdAOdRP5HfwYxAfCzXTFKRMoIMk+n+po318+ktcChx+F1Dd91G3YHeMKyg==
