# THIS IS AN AUTOGENERATED FILE. DO NOT EDIT THIS FILE DIRECTLY.
# yarn lockfile v1


"@ionic-enterprise/react-component-lib@^0.0.1":
  version "0.0.1"
  resolved "https://registry.ionicframework.com/@ionic-enterprise%2freact-component-lib/-/react-component-lib-0.0.1.tgz#efbccd4e223a80bf4e327778c69ef7853ccc5153"
  integrity sha512-e7Kjr9MM+dV1iqw2nN+JMwcZuzlWwfNj01gsG0D0ZBrnwaahQ2ElbepcAQCI92xg2bfnvYo/FFYOeG89FCD4nA==

"@porsche-ui/ui-kit-js@1.0.0-alpha.2":
  version "1.0.0-alpha.2"
  resolved "https://porscheui.jfrog.io/porscheui/api/npm/npm/@porsche-ui/ui-kit-js/-/@porsche-ui/ui-kit-js-1.0.0-alpha.2.tgz#d6d786a24fdf01009b8ac7b4a9a46a508099c203"
  integrity sha1-1teGok/fAQCbise0qaRqUICZwgM=
  dependencies:
    throttle-debounce "^2.1.0"

classnames@^2.2.6:
  version "2.2.6"
  resolved "https://registry.yarnpkg.com/classnames/-/classnames-2.2.6.tgz#43935bffdd291f326dad0a205309b38d00f650ce"
  integrity sha512-JR/iSQOSt+LQIWwrwEzJ9uk0xfN3mTVYMwt1Ir5mUcSN6pU+V4zQFFaJsclJbPuAUQH+yfWef6tm7l1quW3C8Q==

throttle-debounce@^2.1.0:
  version "2.1.0"
  resolved "https://registry.yarnpkg.com/throttle-debounce/-/throttle-debounce-2.1.0.tgz#257e648f0a56bd9e54fe0f132c4ab8611df4e1d5"
  integrity sha512-AOvyNahXQuU7NN+VVvOOX+uW6FPaWdAOdRP5HfwYxAfCzXTFKRMoIMk+n+po318+ktcChx+F1Dd91G3YHeMKyg==
